[root]
name = "toml"
version = "0.1.0"
dependencies = [
 "rustc-serialize 0.3.19 (registry+https://github.com/rust-lang/crates.io-index)",
 "toml 0.2.1 (registry+https://github.com/rust-lang/crates.io-index)",
]

[[package]]
name = "rustc-serialize"
version = "0.3.19"
source = "registry+https://github.com/rust-lang/crates.io-index"

[[package]]
name = "toml"
version = "0.2.1"
source = "registry+https://github.com/rust-lang/crates.io-index"
dependencies = [
 "rustc-serialize 0.3.19 (registry+https://github.com/rust-lang/crates.io-index)",
]

[metadata]
"checksum rustc-serialize 0.3.19 (registry+https://github.com/rust-lang/crates.io-index)" = "6159e4e6e559c81bd706afe9c8fd68f547d3e851ce12e76b1de7914bab61691b"
"checksum toml 0.2.1 (registry+https://github.com/rust-lang/crates.io-index)" = "736b60249cb25337bc196faa43ee12c705e426f3d55c214d73a4e7be06f92cb4"
